
Microsoft Visual Studio Solution File, Format Version 12.00
# Visual Studio Version 17
VisualStudioVersion = 17.0.31717.71
MinimumVisualStudioVersion = 10.0.40219.1
Project("{6EC3EE1D-3C4E-46DD-8F32-0CC8E7565705}") = "CafeApp.Core", "src\CafeApp.Core\CafeApp.Core.fsproj", "{67738A25-B0EC-4CFF-9D2B-CD067454F0D1}"
EndProject
Project("{6EC3EE1D-3C4E-46DD-8F32-0CC8E7565705}") = "CafeApp.Core.Tests", "src\CafeApp.Core.Tests\CafeApp.Core.Tests.fsproj", "{252DC324-D9AD-4E97-A58B-1A06FD9BD04A}"
EndProject
Project("{9A19103F-16F7-4668-BE54-9A1E7A4F7556}") = "_build", "build\_build.csproj", "{3F326A34-F57E-437F-A9D1-E00DBD2984C5}"
EndProject
Project("{F2A71F9B-5D33-465A-A702-920D77279786}") = "CafeApp.Persistence", "CafeApp.Persistence\CafeApp.Persistence.fsproj", "{0FDFA569-5E37-47E9-8F23-CE0470D43815}"
EndProject
Project("{F2A71F9B-5D33-465A-A702-920D77279786}") = "CafeApp.Persistence.InMemory", "CafeApp.Persistence.InMemory\CafeApp.Persistence.InMemory.fsproj", "{D838A6A2-3513-4748-B218-51888BAF1113}"
EndProject
Global
	GlobalSection(SolutionConfigurationPlatforms) = preSolution
		Debug|Any CPU = Debug|Any CPU
		Release|Any CPU = Release|Any CPU
	EndGlobalSection
	GlobalSection(ProjectConfigurationPlatforms) = postSolution
		{67738A25-B0EC-4CFF-9D2B-CD067454F0D1}.Debug|Any CPU.ActiveCfg = Debug|Any CPU
		{67738A25-B0EC-4CFF-9D2B-CD067454F0D1}.Debug|Any CPU.Build.0 = Debug|Any CPU
		{67738A25-B0EC-4CFF-9D2B-CD067454F0D1}.Release|Any CPU.ActiveCfg = Release|Any CPU
		{67738A25-B0EC-4CFF-9D2B-CD067454F0D1}.Release|Any CPU.Build.0 = Release|Any CPU
		{252DC324-D9AD-4E97-A58B-1A06FD9BD04A}.Debug|Any CPU.ActiveCfg = Debug|Any CPU
		{252DC324-D9AD-4E97-A58B-1A06FD9BD04A}.Debug|Any CPU.Build.0 = Debug|Any CPU
		{252DC324-D9AD-4E97-A58B-1A06FD9BD04A}.Release|Any CPU.ActiveCfg = Release|Any CPU
		{252DC324-D9AD-4E97-A58B-1A06FD9BD04A}.Release|Any CPU.Build.0 = Release|Any CPU
		{3F326A34-F57E-437F-A9D1-E00DBD2984C5}.Debug|Any CPU.ActiveCfg = Debug|Any CPU
		{3F326A34-F57E-437F-A9D1-E00DBD2984C5}.Release|Any CPU.ActiveCfg = Release|Any CPU
		{0FDFA569-5E37-47E9-8F23-CE0470D43815}.Debug|Any CPU.ActiveCfg = Debug|Any CPU
		{0FDFA569-5E37-47E9-8F23-CE0470D43815}.Debug|Any CPU.Build.0 = Debug|Any CPU
		{0FDFA569-5E37-47E9-8F23-CE0470D43815}.Release|Any CPU.ActiveCfg = Release|Any CPU
		{0FDFA569-5E37-47E9-8F23-CE0470D43815}.Release|Any CPU.Build.0 = Release|Any CPU
		{D838A6A2-3513-4748-B218-51888BAF1113}.Debug|Any CPU.ActiveCfg = Debug|Any CPU
		{D838A6A2-3513-4748-B218-51888BAF1113}.Debug|Any CPU.Build.0 = Debug|Any CPU
		{D838A6A2-3513-4748-B218-51888BAF1113}.Release|Any CPU.ActiveCfg = Release|Any CPU
		{D838A6A2-3513-4748-B218-51888BAF1113}.Release|Any CPU.Build.0 = Release|Any CPU
	EndGlobalSection
	GlobalSection(SolutionProperties) = preSolution
		HideSolutionNode = FALSE
	EndGlobalSection
	GlobalSection(ExtensibilityGlobals) = postSolution
		SolutionGuid = {32B017CC-CBE5-4833-9AD6-112F40AC8BD8}
	EndGlobalSection
EndGlobal
