
Microsoft Visual Studio Solution File, Format Version 12.00
# Visual Studio Version 17
VisualStudioVersion = 17.0.31717.71
MinimumVisualStudioVersion = 10.0.40219.1
Project("{6EC3EE1D-3C4E-46DD-8F32-0CC8E7565705}") = "CafeApp.Core", "src\CafeApp.Core\CafeApp.Core.fsproj", "{67738A25-B0EC-4CFF-9D2B-CD067454F0D1}"
EndProject
Project("{6EC3EE1D-3C4E-46DD-8F32-0CC8E7565705}") = "CafeApp.Core.Tests", "src\CafeApp.Core.Tests\CafeApp.Core.Tests.fsproj", "{252DC324-D9AD-4E97-A58B-1A06FD9BD04A}"
EndProject
Project("{9A19103F-16F7-4668-BE54-9A1E7A4F7556}") = "_build", "build\_build.csproj", "{3F326A34-F57E-437F-A9D1-E00DBD2984C5}"
EndProject
Project("{6EC3EE1D-3C4E-46DD-8F32-0CC8E7565705}") = "CafeApp.Persistence", "CafeApp.Persistence\CafeApp.Persistence.fsproj", "{0FDFA569-5E37-47E9-8F23-CE0470D43815}"
EndProject
Project("{6EC3EE1D-3C4E-46DD-8F32-0CC8E7565705}") = "CafeApp.Persistence.InMemory", "CafeApp.Persistence.InMemory\CafeApp.Persistence.InMemory.fsproj", "{D838A6A2-3513-4748-B218-51888BAF1113}"
EndProject
Project("{6EC3EE1D-3C4E-46DD-8F32-0CC8E7565705}") = "CafeApp.Commands.Api", "CafeApp.Commands.Api\CafeApp.Commands.Api.fsproj", "{92EF346C-7334-4D22-997E-C612E483B9D6}"
EndProject
Project("{6EC3EE1D-3C4E-46DD-8F32-0CC8E7565705}") = "CafeApp.Web", "CafeApp.Web\CafeApp.Web.fsproj", "{59259C00-B1EC-4016-B828-1D2E1AA82BD3}"
EndProject
Project("{2150E333-8FDC-42A3-9474-1A3956D46DE8}") = "1 - CafeApp.Core", "1 - CafeApp.Core", "{2B59BDA6-715A-458B-AFB8-55C7D71BB99F}"
EndProject
Project("{2150E333-8FDC-42A3-9474-1A3956D46DE8}") = "2 - CafeApp.Core.Tests", "2 - CafeApp.Core.Tests", "{CEEF53E8-65EE-46F4-9C94-50866CEA2B3E}"
EndProject
Project("{2150E333-8FDC-42A3-9474-1A3956D46DE8}") = "3 - CafeApp.Persistence", "3 - CafeApp.Persistence", "{4D79591F-4AF5-4E7B-AE89-61280D0422D0}"
EndProject
Project("{2150E333-8FDC-42A3-9474-1A3956D46DE8}") = "4 - CafeApp.Persistence.InMemory", "4 - CafeApp.Persistence.InMemory", "{D2CE2727-6729-422D-85FC-A238182DB163}"
EndProject
Project("{2150E333-8FDC-42A3-9474-1A3956D46DE8}") = "5 - CafeApp.Commands.Api", "5 - CafeApp.Commands.Api", "{41DACE75-6ACC-4830-9758-45EF8FFB3DF4}"
EndProject
Project("{2150E333-8FDC-42A3-9474-1A3956D46DE8}") = "6 - CafeApp.Web", "6 - CafeApp.Web", "{5972C5B6-8000-4862-BB0C-703F3FFD0620}"
EndProject
Project("{2150E333-8FDC-42A3-9474-1A3956D46DE8}") = "0 - build", "0 - build", "{5E6B0156-DA60-42F4-91A5-066E74CF0313}"
EndProject
Global
	GlobalSection(SolutionConfigurationPlatforms) = preSolution
		Debug|Any CPU = Debug|Any CPU
		Release|Any CPU = Release|Any CPU
	EndGlobalSection
	GlobalSection(ProjectConfigurationPlatforms) = postSolution
		{67738A25-B0EC-4CFF-9D2B-CD067454F0D1}.Debug|Any CPU.ActiveCfg = Debug|Any CPU
		{67738A25-B0EC-4CFF-9D2B-CD067454F0D1}.Debug|Any CPU.Build.0 = Debug|Any CPU
		{67738A25-B0EC-4CFF-9D2B-CD067454F0D1}.Release|Any CPU.ActiveCfg = Release|Any CPU
		{67738A25-B0EC-4CFF-9D2B-CD067454F0D1}.Release|Any CPU.Build.0 = Release|Any CPU
		{252DC324-D9AD-4E97-A58B-1A06FD9BD04A}.Debug|Any CPU.ActiveCfg = Debug|Any CPU
		{252DC324-D9AD-4E97-A58B-1A06FD9BD04A}.Debug|Any CPU.Build.0 = Debug|Any CPU
		{252DC324-D9AD-4E97-A58B-1A06FD9BD04A}.Release|Any CPU.ActiveCfg = Release|Any CPU
		{252DC324-D9AD-4E97-A58B-1A06FD9BD04A}.Release|Any CPU.Build.0 = Release|Any CPU
		{3F326A34-F57E-437F-A9D1-E00DBD2984C5}.Debug|Any CPU.ActiveCfg = Debug|Any CPU
		{3F326A34-F57E-437F-A9D1-E00DBD2984C5}.Release|Any CPU.ActiveCfg = Release|Any CPU
		{0FDFA569-5E37-47E9-8F23-CE0470D43815}.Debug|Any CPU.ActiveCfg = Debug|Any CPU
		{0FDFA569-5E37-47E9-8F23-CE0470D43815}.Debug|Any CPU.Build.0 = Debug|Any CPU
		{0FDFA569-5E37-47E9-8F23-CE0470D43815}.Release|Any CPU.ActiveCfg = Release|Any CPU
		{0FDFA569-5E37-47E9-8F23-CE0470D43815}.Release|Any CPU.Build.0 = Release|Any CPU
		{D838A6A2-3513-4748-B218-51888BAF1113}.Debug|Any CPU.ActiveCfg = Debug|Any CPU
		{D838A6A2-3513-4748-B218-51888BAF1113}.Debug|Any CPU.Build.0 = Debug|Any CPU
		{D838A6A2-3513-4748-B218-51888BAF1113}.Release|Any CPU.ActiveCfg = Release|Any CPU
		{D838A6A2-3513-4748-B218-51888BAF1113}.Release|Any CPU.Build.0 = Release|Any CPU
		{92EF346C-7334-4D22-997E-C612E483B9D6}.Debug|Any CPU.ActiveCfg = Debug|Any CPU
		{92EF346C-7334-4D22-997E-C612E483B9D6}.Debug|Any CPU.Build.0 = Debug|Any CPU
		{92EF346C-7334-4D22-997E-C612E483B9D6}.Release|Any CPU.ActiveCfg = Release|Any CPU
		{92EF346C-7334-4D22-997E-C612E483B9D6}.Release|Any CPU.Build.0 = Release|Any CPU
		{59259C00-B1EC-4016-B828-1D2E1AA82BD3}.Debug|Any CPU.ActiveCfg = Debug|Any CPU
		{59259C00-B1EC-4016-B828-1D2E1AA82BD3}.Debug|Any CPU.Build.0 = Debug|Any CPU
		{59259C00-B1EC-4016-B828-1D2E1AA82BD3}.Release|Any CPU.ActiveCfg = Release|Any CPU
		{59259C00-B1EC-4016-B828-1D2E1AA82BD3}.Release|Any CPU.Build.0 = Release|Any CPU
	EndGlobalSection
	GlobalSection(SolutionProperties) = preSolution
		HideSolutionNode = FALSE
	EndGlobalSection
	GlobalSection(NestedProjects) = preSolution
		{67738A25-B0EC-4CFF-9D2B-CD067454F0D1} = {2B59BDA6-715A-458B-AFB8-55C7D71BB99F}
		{252DC324-D9AD-4E97-A58B-1A06FD9BD04A} = {CEEF53E8-65EE-46F4-9C94-50866CEA2B3E}
		{3F326A34-F57E-437F-A9D1-E00DBD2984C5} = {5E6B0156-DA60-42F4-91A5-066E74CF0313}
		{0FDFA569-5E37-47E9-8F23-CE0470D43815} = {4D79591F-4AF5-4E7B-AE89-61280D0422D0}
		{D838A6A2-3513-4748-B218-51888BAF1113} = {D2CE2727-6729-422D-85FC-A238182DB163}
		{92EF346C-7334-4D22-997E-C612E483B9D6} = {41DACE75-6ACC-4830-9758-45EF8FFB3DF4}
		{59259C00-B1EC-4016-B828-1D2E1AA82BD3} = {5972C5B6-8000-4862-BB0C-703F3FFD0620}
	EndGlobalSection
	GlobalSection(ExtensibilityGlobals) = postSolution
		SolutionGuid = {32B017CC-CBE5-4833-9AD6-112F40AC8BD8}
	EndGlobalSection
EndGlobal
